# This file is autogenerated, do not edit; changes may be undone by the next 'dep ensure'.


[[projects]]
  name = "github.com/JanBerktold/sse"
  packages = ["."]
  revision = "c176c35d2fb8558f79fbe3d124569dbb3c80a5b6"
  version = "v1.0"

[[projects]]
  branch = "master"
  name = "github.com/asaskevich/EventBus"
  packages = ["."]
  revision = "d46933a94f05c6657d7b923fcf5ac563ee37ec79"

[[projects]]
  name = "github.com/cbroglie/mustache"
  packages = ["."]
  revision = "2eb171290cbdc792c57bcd10f5a030b53500b28f"
  version = "v1.0.0"

[[projects]]
  branch = "development"
  name = "github.com/globalsign/mgo"
  packages = [
    ".",
    "bson",
    "internal/json",
    "internal/sasl",
    "internal/scram"
  ]
  revision = "876956d3205ac690e6488c1ba6fed94943c82718"

[[projects]]
  name = "github.com/gorilla/websocket"
  packages = ["."]
  revision = "ea4d1f681babbce9545c9c5f3d5194a789c89f5b"
  version = "v1.2.0"

[[projects]]
  branch = "master"
  name = "github.com/khades/iso8601duration"
  packages = ["."]
  revision = "db3984c4aea411822176fe158522635351326b33"

[[projects]]
  name = "github.com/sirupsen/logrus"
  packages = ["."]
  revision = "c155da19408a8799da419ed3eeb0cb5db0ad5dbc"
  version = "v1.0.5"

[[projects]]
  name = "goji.io"
  packages = [
    ".",
    "internal",
    "pat",
    "pattern"
  ]
  revision = "0d89ff54b2c18c9c4ba530e32496aef902d3c6cd"
  version = "v2.0"

[[projects]]
  branch = "master"
  name = "golang.org/x/crypto"
  packages = ["ssh/terminal"]
  revision = "12892e8c234f4fe6f6803f052061de9057903bb2"

[[projects]]
  branch = "master"
  name = "golang.org/x/sys"
  packages = [
    "unix",
    "windows"
  ]
  revision = "378d26f46672a356c46195c28f61bdb4c0a781dd"

[[projects]]
  name = "gopkg.in/asaskevich/govalidator.v4"
  packages = ["."]
  revision = "7664702784775e51966f0885f5cd27435916517b"
  version = "v4"

[[projects]]
  name = "gopkg.in/irc.v2"
  packages = ["."]
  revision = "01e72ff44254c3a85e6544295da4ce04be23c356"
  version = "v2.0.0"

[solve-meta]
  analyzer-name = "dep"
  analyzer-version = 1
  inputs-digest = "067228c91ca910861d83bd21394e45fcfa6bd24d2fbb979b8bad01c39b46e854"
  solver-name = "gps-cdcl"
  solver-version = 1
